<?xml version="1.0" encoding="utf-8"?>
<Project ToolsVersion="4.0" xmlns="http://schemas.microsoft.com/developer/msbuild/2003">
  <ItemGroup>
    <ClInclude Include="Yw3d.h" />
    <ClInclude Include="Yw3dBase.h" />
    <ClInclude Include="Yw3dTypes.h" />
    <ClInclude Include="YwBase.h" />
    <ClInclude Include="Core\Yw3dBaseShader.h">
      <Filter>Core</Filter>
    </ClInclude>
    <ClInclude Include="Core\Yw3dBaseTexture.h">
      <Filter>Core</Filter>
    </ClInclude>
    <ClInclude Include="Core\Yw3dCore.h">
      <Filter>Core</Filter>
    </ClInclude>
    <ClInclude Include="Core\Yw3dCubeTexture.h">
      <Filter>Core</Filter>
    </ClInclude>
    <ClInclude Include="Core\Yw3dDevice.h">
      <Filter>Core</Filter>
    </ClInclude>
    <ClInclude Include="Core\Yw3dIndexBuffer.h">
      <Filter>Core</Filter>
    </ClInclude>
    <ClInclude Include="Core\Yw3dPresentTarget.h">
      <Filter>Core</Filter>
    </ClInclude>
    <ClInclude Include="Core\Yw3dPrimitiveAssembler.h">
      <Filter>Core</Filter>
    </ClInclude>
    <ClInclude Include="Core\Yw3dRenderTarget.h">
      <Filter>Core</Filter>
    </ClInclude>
    <ClInclude Include="Core\Yw3dShader.h">
      <Filter>Core</Filter>
    </ClInclude>
    <ClInclude Include="Core\Yw3dSurface.h">
      <Filter>Core</Filter>
    </ClInclude>
    <ClInclude Include="Core\Yw3dTexture.h">
      <Filter>Core</Filter>
    </ClInclude>
    <ClInclude Include="Core\Yw3dVertexBuffer.h">
      <Filter>Core</Filter>
    </ClInclude>
    <ClInclude Include="Core\Yw3dVertexFormat.h">
      <Filter>Core</Filter>
    </ClInclude>
    <ClInclude Include="Core\Yw3dVolume.h">
      <Filter>Core</Filter>
    </ClInclude>
    <ClInclude Include="Core\Yw3dVolumeTexture.h">
      <Filter>Core</Filter>
    </ClInclude>
    <ClInclude Include="Math\YwMath.h">
      <Filter>Math</Filter>
    </ClInclude>
    <ClInclude Include="Math\YwMathMatrix.h">
      <Filter>Math</Filter>
    </ClInclude>
    <ClInclude Include="Math\YwMathPlane.h">
      <Filter>Math</Filter>
    </ClInclude>
    <ClInclude Include="Math\YwMathQuaternion.h">
      <Filter>Math</Filter>
    </ClInclude>
    <ClInclude Include="Math\YwMathUtility.h">
      <Filter>Math</Filter>
    </ClInclude>
    <ClInclude Include="Math\YwMathVector.h">
      <Filter>Math</Filter>
    </ClInclude>
  </ItemGroup>
  <ItemGroup>
    <Filter Include="Core">
      <UniqueIdentifier>{28477709-b7f1-4ea9-8191-048e97459a9f}</UniqueIdentifier>
    </Filter>
    <Filter Include="Math">
      <UniqueIdentifier>{09316004-7e34-4d62-b107-1b331034509d}</UniqueIdentifier>
    </Filter>
  </ItemGroup>
  <ItemGroup>
    <ClCompile Include="Core\Yw3dBaseShader.cpp">
      <Filter>Core</Filter>
    </ClCompile>
    <ClCompile Include="Core\Yw3dBaseTexture.cpp">
      <Filter>Core</Filter>
    </ClCompile>
    <ClCompile Include="Core\Yw3dCore.cpp">
      <Filter>Core</Filter>
    </ClCompile>
    <ClCompile Include="Core\Yw3dCubeTexture.cpp">
      <Filter>Core</Filter>
    </ClCompile>
    <ClCompile Include="Core\Yw3dDevice.cpp">
      <Filter>Core</Filter>
    </ClCompile>
    <ClCompile Include="Core\Yw3dIndexBuffer.cpp">
      <Filter>Core</Filter>
    </ClCompile>
    <ClCompile Include="Core\Yw3dPresentTarget.cpp">
      <Filter>Core</Filter>
    </ClCompile>
    <ClCompile Include="Core\Yw3dRenderTarget.cpp">
      <Filter>Core</Filter>
    </ClCompile>
    <ClCompile Include="Core\Yw3dShader.cpp">
      <Filter>Core</Filter>
    </ClCompile>
    <ClCompile Include="Core\Yw3dSurface.cpp">
      <Filter>Core</Filter>
    </ClCompile>
    <ClCompile Include="Core\Yw3dTexture.cpp">
      <Filter>Core</Filter>
    </ClCompile>
    <ClCompile Include="Core\Yw3dVertexBuffer.cpp">
      <Filter>Core</Filter>
    </ClCompile>
    <ClCompile Include="Core\Yw3dVertexFormat.cpp">
      <Filter>Core</Filter>
    </ClCompile>
    <ClCompile Include="Core\Yw3dVolume.cpp">
      <Filter>Core</Filter>
    </ClCompile>
    <ClCompile Include="Core\Yw3dVolumeTexture.cpp">
      <Filter>Core</Filter>
    </ClCompile>
  </ItemGroup>
  <ItemGroup>
    <None Include="Math\YwMathMatrix.inl">
      <Filter>Math</Filter>
    </None>
    <None Include="Math\YwMathPlane.inl">
      <Filter>Math</Filter>
    </None>
    <None Include="Math\YwMathQuaternion.inl">
      <Filter>Math</Filter>
    </None>
    <None Include="Math\YwMathVector.inl">
      <Filter>Math</Filter>
    </None>
  </ItemGroup>
</Project>