<?xml version="1.0" encoding="utf-8"?>
<Project ToolsVersion="4.0" xmlns="http://schemas.microsoft.com/developer/msbuild/2003">
  <ItemGroup>
    <Filter Include="Resources">
      <UniqueIdentifier>{67DA6AB6-F800-4c08-8B7A-83BB121AAD01}</UniqueIdentifier>
      <Extensions>rc;ico;cur;bmp;dlg;rc2;rct;bin;rgs;gif;jpg;jpeg;jpe;resx;tiff;tif;png;wav;mfcribbon-ms</Extensions>
    </Filter>
    <Filter Include="Base">
      <UniqueIdentifier>{693ddd39-8b9b-4963-8c6d-23dfb2c24b25}</UniqueIdentifier>
    </Filter>
    <Filter Include="App">
      <UniqueIdentifier>{ce9db043-2f39-43c2-8a5b-1807d39eeaa7}</UniqueIdentifier>
    </Filter>
  </ItemGroup>
  <ItemGroup>
    <Text Include="ReadMe.txt" />
  </ItemGroup>
  <ItemGroup>
    <ClInclude Include="Base.h">
      <Filter>Base</Filter>
    </ClInclude>
    <ClInclude Include="Resource.h">
      <Filter>Base</Filter>
    </ClInclude>
    <ClInclude Include="stdafx.h">
      <Filter>Base</Filter>
    </ClInclude>
    <ClInclude Include="targetver.h">
      <Filter>Base</Filter>
    </ClInclude>
    <ClInclude Include="AppBase.h">
      <Filter>Base</Filter>
    </ClInclude>
    <ClInclude Include="AppSoftRenderer.h">
      <Filter>App</Filter>
    </ClInclude>
    <ClInclude Include="Renderer.h">
      <Filter>Base</Filter>
    </ClInclude>
    <ClInclude Include="RendererSoftDx9.h">
      <Filter>Base</Filter>
    </ClInclude>
  </ItemGroup>
  <ItemGroup>
    <ClCompile Include="main.cpp">
      <Filter>Base</Filter>
    </ClCompile>
    <ClCompile Include="stdafx.cpp">
      <Filter>Base</Filter>
    </ClCompile>
    <ClCompile Include="AppBase.cpp">
      <Filter>Base</Filter>
    </ClCompile>
    <ClCompile Include="AppSoftRenderer.cpp">
      <Filter>App</Filter>
    </ClCompile>
    <ClCompile Include="RendererSoftDx9.cpp">
      <Filter>Base</Filter>
    </ClCompile>
  </ItemGroup>
  <ItemGroup>
    <ResourceCompile Include="YwSoftRenderer.rc">
      <Filter>Resources</Filter>
    </ResourceCompile>
  </ItemGroup>
  <ItemGroup>
    <Image Include="small.ico">
      <Filter>Resources</Filter>
    </Image>
    <Image Include="YwSoftRenderer.ico">
      <Filter>Resources</Filter>
    </Image>
  </ItemGroup>
</Project>