<?xml version="1.0" encoding="utf-8"?>
<Project ToolsVersion="4.0" xmlns="http://schemas.microsoft.com/developer/msbuild/2003">
  <ItemGroup>
    <Filter Include="Resources">
      <UniqueIdentifier>{67DA6AB6-F800-4c08-8B7A-83BB121AAD01}</UniqueIdentifier>
      <Extensions>rc;ico;cur;bmp;dlg;rc2;rct;bin;rgs;gif;jpg;jpeg;jpe;resx;tiff;tif;png;wav;mfcribbon-ms</Extensions>
    </Filter>
    <Filter Include="Main">
      <UniqueIdentifier>{64edd657-358d-45b2-aaff-8bfd9f7a04b3}</UniqueIdentifier>
    </Filter>
    <Filter Include="System">
      <UniqueIdentifier>{693ddd39-8b9b-4963-8c6d-23dfb2c24b25}</UniqueIdentifier>
    </Filter>
    <Filter Include="System\Support">
      <UniqueIdentifier>{af479d0d-bc18-4b89-a307-35544b5f513f}</UniqueIdentifier>
    </Filter>
    <Filter Include="System\Input">
      <UniqueIdentifier>{e2081e95-0008-46da-80df-b225bccce8e4}</UniqueIdentifier>
    </Filter>
    <Filter Include="System\App">
      <UniqueIdentifier>{ce9db043-2f39-43c2-8a5b-1807d39eeaa7}</UniqueIdentifier>
    </Filter>
    <Filter Include="Driven">
      <UniqueIdentifier>{3dce1149-79ee-4884-b2e4-4d6745093ab0}</UniqueIdentifier>
    </Filter>
    <Filter Include="Driven\Renderer">
      <UniqueIdentifier>{05461abc-818f-41e2-ba58-feb016f44070}</UniqueIdentifier>
    </Filter>
    <Filter Include="Driven\Math">
      <UniqueIdentifier>{86958caf-17d5-4ae7-a3a4-0a089e7558c3}</UniqueIdentifier>
    </Filter>
    <Filter Include="Driven\Core">
      <UniqueIdentifier>{ea933f22-81e6-4f9c-b97b-58abe290aa85}</UniqueIdentifier>
    </Filter>
  </ItemGroup>
  <ItemGroup>
    <ClInclude Include="Resource.h">
      <Filter>Main</Filter>
    </ClInclude>
    <ClInclude Include="stdafx.h">
      <Filter>Main</Filter>
    </ClInclude>
    <ClInclude Include="targetver.h">
      <Filter>Main</Filter>
    </ClInclude>
    <ClInclude Include="Driven\Math\YwMathCore.h">
      <Filter>Driven\Math</Filter>
    </ClInclude>
    <ClInclude Include="Driven\Math\YwMathUtility.h">
      <Filter>Driven\Math</Filter>
    </ClInclude>
    <ClInclude Include="System\Input\YwInputDevice.h">
      <Filter>System\Input</Filter>
    </ClInclude>
    <ClInclude Include="System\Input\YwInputDevicekeyboard.h">
      <Filter>System\Input</Filter>
    </ClInclude>
    <ClInclude Include="System\Input\YwInputDeviceMouse.h">
      <Filter>System\Input</Filter>
    </ClInclude>
    <ClInclude Include="System\Input\YwInputManager.h">
      <Filter>System\Input</Filter>
    </ClInclude>
    <ClInclude Include="System\App\YwAppSoftRenderer.h">
      <Filter>System\App</Filter>
    </ClInclude>
    <ClInclude Include="System\App\YwCamera.h">
      <Filter>System\App</Filter>
    </ClInclude>
    <ClInclude Include="System\Support\YwUtility.h">
      <Filter>System\Support</Filter>
    </ClInclude>
    <ClInclude Include="System\Support\YwLogger.h">
      <Filter>System\Support</Filter>
    </ClInclude>
    <ClInclude Include="System\Support\YwGlobalManager.h">
      <Filter>System\Support</Filter>
    </ClInclude>
    <ClInclude Include="System\Support\YwBase.h">
      <Filter>System\Support</Filter>
    </ClInclude>
    <ClInclude Include="System\Support\YwAppBase.h">
      <Filter>System\Support</Filter>
    </ClInclude>
    <ClInclude Include="Driven\Renderer\YwRendererSoftDx9.h">
      <Filter>Driven\Renderer</Filter>
    </ClInclude>
    <ClInclude Include="Driven\Renderer\YwRenderer.h">
      <Filter>Driven\Renderer</Filter>
    </ClInclude>
    <ClInclude Include="Driven\Math\YwMathVector.h">
      <Filter>Driven\Math</Filter>
    </ClInclude>
    <ClInclude Include="Driven\Math\YwMathQuaternion.h">
      <Filter>Driven\Math</Filter>
    </ClInclude>
    <ClInclude Include="Driven\Math\YwMathMatrix.h">
      <Filter>Driven\Math</Filter>
    </ClInclude>
    <ClInclude Include="Driven\Core\Yw3dBase.h">
      <Filter>Driven\Core</Filter>
    </ClInclude>
    <ClInclude Include="Driven\Core\Yw3d.h">
      <Filter>Driven\Core</Filter>
    </ClInclude>
    <ClInclude Include="Driven\Core\Yw3dTypes.h">
      <Filter>Driven\Core</Filter>
    </ClInclude>
    <ClInclude Include="Driven\Core\Yw3dSurface.h">
      <Filter>Driven\Core</Filter>
    </ClInclude>
    <ClInclude Include="Driven\Core\Yw3dDevice.h">
      <Filter>Driven\Core</Filter>
    </ClInclude>
    <ClInclude Include="Driven\Core\Yw3dVertexBuffer.h">
      <Filter>Driven\Core</Filter>
    </ClInclude>
  </ItemGroup>
  <ItemGroup>
    <ClCompile Include="main.cpp">
      <Filter>Main</Filter>
    </ClCompile>
    <ClCompile Include="stdafx.cpp">
      <Filter>Main</Filter>
    </ClCompile>
    <ClCompile Include="System\Input\YwInputDevice.cpp">
      <Filter>System\Input</Filter>
    </ClCompile>
    <ClCompile Include="System\Input\YwInputDevicekeyboard.cpp">
      <Filter>System\Input</Filter>
    </ClCompile>
    <ClCompile Include="System\Input\YwInputDeviceMouse.cpp">
      <Filter>System\Input</Filter>
    </ClCompile>
    <ClCompile Include="System\Input\YwInputManager.cpp">
      <Filter>System\Input</Filter>
    </ClCompile>
    <ClCompile Include="System\App\YwAppSoftRenderer.cpp">
      <Filter>System\App</Filter>
    </ClCompile>
    <ClCompile Include="System\App\YwCamera.cpp">
      <Filter>System\App</Filter>
    </ClCompile>
    <ClCompile Include="System\Support\YwUtility.cpp">
      <Filter>System\Support</Filter>
    </ClCompile>
    <ClCompile Include="System\Support\YwLogger.cpp">
      <Filter>System\Support</Filter>
    </ClCompile>
    <ClCompile Include="System\Support\YwGlobalManager.cpp">
      <Filter>System\Support</Filter>
    </ClCompile>
    <ClCompile Include="System\Support\YwAppBase.cpp">
      <Filter>System\Support</Filter>
    </ClCompile>
    <ClCompile Include="Driven\Renderer\YwRendererSoftDx9.cpp">
      <Filter>Driven\Renderer</Filter>
    </ClCompile>
    <ClCompile Include="Driven\Core\Yw3dSurface.cpp">
      <Filter>Driven\Core</Filter>
    </ClCompile>
    <ClCompile Include="Driven\Core\Yw3dDevice.cpp">
      <Filter>Driven\Core</Filter>
    </ClCompile>
    <ClCompile Include="Driven\Core\Yw3dVertexBuffer.cpp">
      <Filter>Driven\Core</Filter>
    </ClCompile>
  </ItemGroup>
  <ItemGroup>
    <ResourceCompile Include="YwSoftRenderer.rc">
      <Filter>Resources</Filter>
    </ResourceCompile>
  </ItemGroup>
  <ItemGroup>
    <Image Include="small.ico">
      <Filter>Resources</Filter>
    </Image>
    <Image Include="YwSoftRenderer.ico">
      <Filter>Resources</Filter>
    </Image>
  </ItemGroup>
  <ItemGroup>
    <Text Include="ReadMe.txt">
      <Filter>Main</Filter>
    </Text>
  </ItemGroup>
  <ItemGroup>
    <None Include="Driven\Math\YwMathVector.inl">
      <Filter>Driven\Math</Filter>
    </None>
    <None Include="Driven\Math\YwMathQuaternion.inl">
      <Filter>Driven\Math</Filter>
    </None>
    <None Include="Driven\Math\YwMathMatrix.inl">
      <Filter>Driven\Math</Filter>
    </None>
  </ItemGroup>
</Project>