<?xml version="1.0" encoding="utf-8"?>
<Project ToolsVersion="4.0" xmlns="http://schemas.microsoft.com/developer/msbuild/2003">
  <ItemGroup>
    <Filter Include="Resources">
      <UniqueIdentifier>{67DA6AB6-F800-4c08-8B7A-83BB121AAD01}</UniqueIdentifier>
      <Extensions>rc;ico;cur;bmp;dlg;rc2;rct;bin;rgs;gif;jpg;jpeg;jpe;resx;tiff;tif;png;wav;mfcribbon-ms</Extensions>
    </Filter>
    <Filter Include="Main">
      <UniqueIdentifier>{64edd657-358d-45b2-aaff-8bfd9f7a04b3}</UniqueIdentifier>
    </Filter>
    <Filter Include="System">
      <UniqueIdentifier>{693ddd39-8b9b-4963-8c6d-23dfb2c24b25}</UniqueIdentifier>
    </Filter>
    <Filter Include="System\Support">
      <UniqueIdentifier>{af479d0d-bc18-4b89-a307-35544b5f513f}</UniqueIdentifier>
    </Filter>
    <Filter Include="System\Input">
      <UniqueIdentifier>{e2081e95-0008-46da-80df-b225bccce8e4}</UniqueIdentifier>
    </Filter>
    <Filter Include="System\App">
      <UniqueIdentifier>{ce9db043-2f39-43c2-8a5b-1807d39eeaa7}</UniqueIdentifier>
    </Filter>
    <Filter Include="Driven">
      <UniqueIdentifier>{3dce1149-79ee-4884-b2e4-4d6745093ab0}</UniqueIdentifier>
    </Filter>
    <Filter Include="Driven\Renderer">
      <UniqueIdentifier>{05461abc-818f-41e2-ba58-feb016f44070}</UniqueIdentifier>
    </Filter>
    <Filter Include="Driven\Math">
      <UniqueIdentifier>{86958caf-17d5-4ae7-a3a4-0a089e7558c3}</UniqueIdentifier>
    </Filter>
    <Filter Include="Driven\Core">
      <UniqueIdentifier>{ea933f22-81e6-4f9c-b97b-58abe290aa85}</UniqueIdentifier>
    </Filter>
  </ItemGroup>
  <ItemGroup>
    <ClInclude Include="Resource.h">
      <Filter>Main</Filter>
    </ClInclude>
    <ClInclude Include="stdafx.h">
      <Filter>Main</Filter>
    </ClInclude>
    <ClInclude Include="targetver.h">
      <Filter>Main</Filter>
    </ClInclude>
    <ClInclude Include="Driven\Math\MathUtility.h">
      <Filter>Driven\Math</Filter>
    </ClInclude>
    <ClInclude Include="Driven\Math\Matrix.h">
      <Filter>Driven\Math</Filter>
    </ClInclude>
    <ClInclude Include="Driven\Math\Quaternion.h">
      <Filter>Driven\Math</Filter>
    </ClInclude>
    <ClInclude Include="Driven\Math\Vector.h">
      <Filter>Driven\Math</Filter>
    </ClInclude>
    <ClInclude Include="Driven\Renderer\Renderer.h">
      <Filter>Driven\Renderer</Filter>
    </ClInclude>
    <ClInclude Include="Driven\Renderer\RendererSoftDx9.h">
      <Filter>Driven\Renderer</Filter>
    </ClInclude>
    <ClInclude Include="System\App\AppSoftRenderer.h">
      <Filter>System\App</Filter>
    </ClInclude>
    <ClInclude Include="System\Input\InputDevice.h">
      <Filter>System\Input</Filter>
    </ClInclude>
    <ClInclude Include="System\Input\InputDevicekeyboard.h">
      <Filter>System\Input</Filter>
    </ClInclude>
    <ClInclude Include="System\Input\InputDeviceMouse.h">
      <Filter>System\Input</Filter>
    </ClInclude>
    <ClInclude Include="System\Input\InputManager.h">
      <Filter>System\Input</Filter>
    </ClInclude>
    <ClInclude Include="System\Support\AppBase.h">
      <Filter>System\Support</Filter>
    </ClInclude>
    <ClInclude Include="System\Support\Base.h">
      <Filter>System\Support</Filter>
    </ClInclude>
    <ClInclude Include="System\Support\GlobalManager.h">
      <Filter>System\Support</Filter>
    </ClInclude>
    <ClInclude Include="System\Support\Logger.h">
      <Filter>System\Support</Filter>
    </ClInclude>
    <ClInclude Include="System\Support\Utility.h">
      <Filter>System\Support</Filter>
    </ClInclude>
  </ItemGroup>
  <ItemGroup>
    <ClCompile Include="main.cpp">
      <Filter>Main</Filter>
    </ClCompile>
    <ClCompile Include="stdafx.cpp">
      <Filter>Main</Filter>
    </ClCompile>
    <ClCompile Include="Driven\Renderer\RendererSoftDx9.cpp">
      <Filter>Driven\Renderer</Filter>
    </ClCompile>
    <ClCompile Include="System\App\AppSoftRenderer.cpp">
      <Filter>System\App</Filter>
    </ClCompile>
    <ClCompile Include="System\Input\InputDevice.cpp">
      <Filter>System\Input</Filter>
    </ClCompile>
    <ClCompile Include="System\Input\InputDevicekeyboard.cpp">
      <Filter>System\Input</Filter>
    </ClCompile>
    <ClCompile Include="System\Input\InputDeviceMouse.cpp">
      <Filter>System\Input</Filter>
    </ClCompile>
    <ClCompile Include="System\Input\InputManager.cpp">
      <Filter>System\Input</Filter>
    </ClCompile>
    <ClCompile Include="System\Support\AppBase.cpp">
      <Filter>System\Support</Filter>
    </ClCompile>
    <ClCompile Include="System\Support\GlobalManager.cpp">
      <Filter>System\Support</Filter>
    </ClCompile>
    <ClCompile Include="System\Support\Logger.cpp">
      <Filter>System\Support</Filter>
    </ClCompile>
    <ClCompile Include="System\Support\Utility.cpp">
      <Filter>System\Support</Filter>
    </ClCompile>
  </ItemGroup>
  <ItemGroup>
    <ResourceCompile Include="YwSoftRenderer.rc">
      <Filter>Resources</Filter>
    </ResourceCompile>
  </ItemGroup>
  <ItemGroup>
    <Image Include="small.ico">
      <Filter>Resources</Filter>
    </Image>
    <Image Include="YwSoftRenderer.ico">
      <Filter>Resources</Filter>
    </Image>
  </ItemGroup>
  <ItemGroup>
    <Text Include="ReadMe.txt">
      <Filter>Main</Filter>
    </Text>
  </ItemGroup>
</Project>